
Microsoft Visual Studio Solution File, Format Version 12.00
# Visual Studio 15
VisualStudioVersion = 15.0.26228.4
MinimumVisualStudioVersion = 10.0.40219.1
Project("{FAE04EC0-301F-11D3-BF4B-00C04F79EFBC}") = "AutofacContrib.NSubstitute", "AutofacContrib.NSubstitute\AutofacContrib.NSubstitute.csproj", "{8D86B2A1-816D-499D-B79A-4642D65DDAB8}"
EndProject
Project("{FAE04EC0-301F-11D3-BF4B-00C04F79EFBC}") = "AutofacContrib.NSubstitute.Tests", "AutofacContrib.NSubstitute.Tests\AutofacContrib.NSubstitute.Tests.csproj", "{5A8BA413-519B-467E-A001-A0CAB1739D8C}"
EndProject
Project("{2150E333-8FDC-42A3-9474-1A3956D46DE8}") = "Solution Items", "Solution Items", "{3C63092C-DE33-4F46-B16A-A4CE7FD6CA4D}"
	ProjectSection(SolutionItems) = preProject
		BREAKING_CHANGES.md = BREAKING_CHANGES.md
		LICENSE = LICENSE
		logo.png = logo.png
		README.md = README.md
	EndProjectSection
EndProject
Global
	GlobalSection(SolutionConfigurationPlatforms) = preSolution
		Debug|Any CPU = Debug|Any CPU
		Release|Any CPU = Release|Any CPU
	EndGlobalSection
	GlobalSection(ProjectConfigurationPlatforms) = postSolution
		{8D86B2A1-816D-499D-B79A-4642D65DDAB8}.Debug|Any CPU.ActiveCfg = Debug|Any CPU
		{8D86B2A1-816D-499D-B79A-4642D65DDAB8}.Debug|Any CPU.Build.0 = Debug|Any CPU
		{8D86B2A1-816D-499D-B79A-4642D65DDAB8}.Release|Any CPU.ActiveCfg = Release|Any CPU
		{8D86B2A1-816D-499D-B79A-4642D65DDAB8}.Release|Any CPU.Build.0 = Release|Any CPU
		{5A8BA413-519B-467E-A001-A0CAB1739D8C}.Debug|Any CPU.ActiveCfg = Debug|Any CPU
		{5A8BA413-519B-467E-A001-A0CAB1739D8C}.Debug|Any CPU.Build.0 = Debug|Any CPU
		{5A8BA413-519B-467E-A001-A0CAB1739D8C}.Release|Any CPU.ActiveCfg = Release|Any CPU
		{5A8BA413-519B-467E-A001-A0CAB1739D8C}.Release|Any CPU.Build.0 = Release|Any CPU
	EndGlobalSection
	GlobalSection(SolutionProperties) = preSolution
		HideSolutionNode = FALSE
	EndGlobalSection
EndGlobal
