
Microsoft Visual Studio Solution File, Format Version 11.00
# Visual Studio 2010
Project("{FAE04EC0-301F-11D3-BF4B-00C04F79EFBC}") = "AutofacContrib.NSubstitute", "AutofacContrib.NSubstitute\AutofacContrib.NSubstitute.csproj", "{EEBE8469-AC5F-45C7-AFDF-ADA4A7718344}"
EndProject
Project("{FAE04EC0-301F-11D3-BF4B-00C04F79EFBC}") = "AutofacContrib.NSubstitute.Tests", "AutofacContrib.NSubstitute.Tests\AutofacContrib.NSubstitute.Tests.csproj", "{96B28666-6683-4E05-9C9D-F44EA176A5FA}"
EndProject
Global
	GlobalSection(SolutionConfigurationPlatforms) = preSolution
		Debug|Any CPU = Debug|Any CPU
		Release|Any CPU = Release|Any CPU
	EndGlobalSection
	GlobalSection(ProjectConfigurationPlatforms) = postSolution
		{EEBE8469-AC5F-45C7-AFDF-ADA4A7718344}.Debug|Any CPU.ActiveCfg = Debug|Any CPU
		{EEBE8469-AC5F-45C7-AFDF-ADA4A7718344}.Debug|Any CPU.Build.0 = Debug|Any CPU
		{EEBE8469-AC5F-45C7-AFDF-ADA4A7718344}.Release|Any CPU.ActiveCfg = Release|Any CPU
		{EEBE8469-AC5F-45C7-AFDF-ADA4A7718344}.Release|Any CPU.Build.0 = Release|Any CPU
		{96B28666-6683-4E05-9C9D-F44EA176A5FA}.Debug|Any CPU.ActiveCfg = Debug|Any CPU
		{96B28666-6683-4E05-9C9D-F44EA176A5FA}.Debug|Any CPU.Build.0 = Debug|Any CPU
		{96B28666-6683-4E05-9C9D-F44EA176A5FA}.Release|Any CPU.ActiveCfg = Release|Any CPU
		{96B28666-6683-4E05-9C9D-F44EA176A5FA}.Release|Any CPU.Build.0 = Release|Any CPU
	EndGlobalSection
	GlobalSection(SolutionProperties) = preSolution
		HideSolutionNode = FALSE
	EndGlobalSection
EndGlobal
